
Microsoft Visual Studio Solution File, Format Version 12.00
# Visual Studio Version 17
VisualStudioVersion = 17.10.34928.147
MinimumVisualStudioVersion = 10.0.40219.1
Project("{FAE04EC0-301F-11D3-BF4B-00C04F79EFBC}") = "exercicio3", "exercicio3\exercicio3.csproj", "{8F0E7C06-D3C5-4C90-AEB4-5E288A24BCD3}"
EndProject
Global
	GlobalSection(SolutionConfigurationPlatforms) = preSolution
		Debug|Any CPU = Debug|Any CPU
		Release|Any CPU = Release|Any CPU
	EndGlobalSection
	GlobalSection(ProjectConfigurationPlatforms) = postSolution
		{8F0E7C06-D3C5-4C90-AEB4-5E288A24BCD3}.Debug|Any CPU.ActiveCfg = Debug|Any CPU
		{8F0E7C06-D3C5-4C90-AEB4-5E288A24BCD3}.Debug|Any CPU.Build.0 = Debug|Any CPU
		{8F0E7C06-D3C5-4C90-AEB4-5E288A24BCD3}.Release|Any CPU.ActiveCfg = Release|Any CPU
		{8F0E7C06-D3C5-4C90-AEB4-5E288A24BCD3}.Release|Any CPU.Build.0 = Release|Any CPU
	EndGlobalSection
	GlobalSection(SolutionProperties) = preSolution
		HideSolutionNode = FALSE
	EndGlobalSection
	GlobalSection(ExtensibilityGlobals) = postSolution
		SolutionGuid = {E737DF5D-50C1-40C0-B0D6-B72E0923ABB5}
	EndGlobalSection
EndGlobal
