
Microsoft Visual Studio Solution File, Format Version 12.00
# Visual Studio Version 17
VisualStudioVersion = 17.10.34928.147
MinimumVisualStudioVersion = 10.0.40219.1
Project("{FAE04EC0-301F-11D3-BF4B-00C04F79EFBC}") = "exercicio6", "exercicio6\exercicio6.csproj", "{5F777967-F489-42E4-824E-DF70FBB02AD5}"
EndProject
Global
	GlobalSection(SolutionConfigurationPlatforms) = preSolution
		Debug|Any CPU = Debug|Any CPU
		Release|Any CPU = Release|Any CPU
	EndGlobalSection
	GlobalSection(ProjectConfigurationPlatforms) = postSolution
		{5F777967-F489-42E4-824E-DF70FBB02AD5}.Debug|Any CPU.ActiveCfg = Debug|Any CPU
		{5F777967-F489-42E4-824E-DF70FBB02AD5}.Debug|Any CPU.Build.0 = Debug|Any CPU
		{5F777967-F489-42E4-824E-DF70FBB02AD5}.Release|Any CPU.ActiveCfg = Release|Any CPU
		{5F777967-F489-42E4-824E-DF70FBB02AD5}.Release|Any CPU.Build.0 = Release|Any CPU
	EndGlobalSection
	GlobalSection(SolutionProperties) = preSolution
		HideSolutionNode = FALSE
	EndGlobalSection
	GlobalSection(ExtensibilityGlobals) = postSolution
		SolutionGuid = {A9C41E45-750B-4F93-9E19-E181996E5256}
	EndGlobalSection
EndGlobal
